// !$*UTF8*$!
{
	archiveVersion = 1;
	classes = {
	};
	objectVersion = 50;
	objects = {

/* Begin PBXGroup section */
		DDF4772D25097A810010E8F5 = {
			isa = PBXGroup;
			children = (
			);
			sourceTree = "<group>";
		};
/* End PBXGroup section */

/* Begin PBXProject section */
		DDF4772E25097A810010E8F5 /* Project object */ = {
			isa = PBXProject;
			attributes = {
				LastUpgradeCheck = 1170;
			};
			buildConfigurationList = DDF4773125097A810010E8F5 /* Build configuration list for PBXProject "ZazohWebSite" */;
			compatibilityVersion = "Xcode 9.3";
			developmentRegion = en;
			hasScannedForEncodings = 0;
			knownRegions = (
				en,
				Base,
			);
			mainGroup = DDF4772D25097A810010E8F5;
			projectDirPath = "";
			projectRoot = "";
			targets = (
			);
		};
/* End PBXProject section */

/* Begin XCBuildConfiguration section */
		DDF4773225097A810010E8F5 /* Debug */ = {
			isa = XCBuildConfiguration;
			buildSettings = {
			};
			name = Debug;
		};
		DDF4773325097A810010E8F5 /* Release */ = {
			isa = XCBuildConfiguration;
			buildSettings = {
			};
			name = Release;
		};
/* End XCBuildConfiguration section */

/* Begin XCConfigurationList section */
		DDF4773125097A810010E8F5 /* Build configuration list for PBXProject "ZazohWebSite" */ = {
			isa = XCConfigurationList;
			buildConfigurations = (
				DDF4773225097A810010E8F5 /* Debug */,
				DDF4773325097A810010E8F5 /* Release */,
			);
			defaultConfigurationIsVisible = 0;
			defaultConfigurationName = Release;
		};
/* End XCConfigurationList section */
	};
	rootObject = DDF4772E25097A810010E8F5 /* Project object */;
}
